{
  "pins" : [
    {
      "identity" : "viperlib",
      "kind" : "remoteSourceControl",
      "location" : "https://github.com/littleigloo/VIPERLib.git",
      "state" : {
        "revision" : "36e7342563f66c691b7e2f6465d946a42effcef1",
        "version" : "3.2.1"
      }
    }
  ],
  "version" : 2
}
